
Microsoft Visual Studio Solution File, Format Version 12.00
# Visual Studio Version 17
VisualStudioVersion = 17.1.32407.343
MinimumVisualStudioVersion = 10.0.40219.1
Project("{FAE04EC0-301F-11D3-BF4B-00C04F79EFBC}") = "sso.Android", "sso.Android\sso.Android.csproj", "{95AFD4EC-E293-4305-99F5-46D93D1D9649}"
EndProject
Project("{FAE04EC0-301F-11D3-BF4B-00C04F79EFBC}") = "sso", "sso\sso.csproj", "{34B9E8B4-74C7-45A5-AC0D-1C3AF25CE44D}"
EndProject
Project("{FAE04EC0-301F-11D3-BF4B-00C04F79EFBC}") = "sso.Data", "sso.Data\sso.Data.csproj", "{F4D31F50-CA4F-47FA-8780-9BAB2B566E16}"
EndProject
Global
	GlobalSection(SolutionConfigurationPlatforms) = preSolution
		Debug|Any CPU = Debug|Any CPU
		Release|Any CPU = Release|Any CPU
	EndGlobalSection
	GlobalSection(ProjectConfigurationPlatforms) = postSolution
		{95AFD4EC-E293-4305-99F5-46D93D1D9649}.Debug|Any CPU.ActiveCfg = Debug|Any CPU
		{95AFD4EC-E293-4305-99F5-46D93D1D9649}.Debug|Any CPU.Build.0 = Debug|Any CPU
		{95AFD4EC-E293-4305-99F5-46D93D1D9649}.Debug|Any CPU.Deploy.0 = Debug|Any CPU
		{95AFD4EC-E293-4305-99F5-46D93D1D9649}.Release|Any CPU.ActiveCfg = Release|Any CPU
		{95AFD4EC-E293-4305-99F5-46D93D1D9649}.Release|Any CPU.Build.0 = Release|Any CPU
		{95AFD4EC-E293-4305-99F5-46D93D1D9649}.Release|Any CPU.Deploy.0 = Release|Any CPU
		{34B9E8B4-74C7-45A5-AC0D-1C3AF25CE44D}.Debug|Any CPU.ActiveCfg = Debug|Any CPU
		{34B9E8B4-74C7-45A5-AC0D-1C3AF25CE44D}.Debug|Any CPU.Build.0 = Debug|Any CPU
		{34B9E8B4-74C7-45A5-AC0D-1C3AF25CE44D}.Debug|Any CPU.Deploy.0 = Debug|Any CPU
		{34B9E8B4-74C7-45A5-AC0D-1C3AF25CE44D}.Release|Any CPU.ActiveCfg = Release|Any CPU
		{34B9E8B4-74C7-45A5-AC0D-1C3AF25CE44D}.Release|Any CPU.Build.0 = Release|Any CPU
		{34B9E8B4-74C7-45A5-AC0D-1C3AF25CE44D}.Release|Any CPU.Deploy.0 = Release|Any CPU
		{F4D31F50-CA4F-47FA-8780-9BAB2B566E16}.Debug|Any CPU.ActiveCfg = Debug|Any CPU
		{F4D31F50-CA4F-47FA-8780-9BAB2B566E16}.Debug|Any CPU.Build.0 = Debug|Any CPU
		{F4D31F50-CA4F-47FA-8780-9BAB2B566E16}.Release|Any CPU.ActiveCfg = Release|Any CPU
		{F4D31F50-CA4F-47FA-8780-9BAB2B566E16}.Release|Any CPU.Build.0 = Release|Any CPU
	EndGlobalSection
	GlobalSection(SolutionProperties) = preSolution
		HideSolutionNode = FALSE
	EndGlobalSection
	GlobalSection(ExtensibilityGlobals) = postSolution
		SolutionGuid = {A9FE956A-1E7F-4CE0-948B-8F85EB27E95F}
	EndGlobalSection
EndGlobal
